{
  "nodes": {
    "flake-utils": {
      "inputs": {
        "systems": "systems"
      },
      "locked": {
        "lastModified": 1731533236,
        "narHash": "sha256-l0KFg5HjrsfsO/JpG+r7fRrqm12kzFHyUHqHCVpMMbI=",
        "owner": "numtide",
        "repo": "flake-utils",
        "rev": "11707dc2f618dd54ca8739b309ec4fc024de578b",
        "type": "github"
      },
      "original": {
        "owner": "numtide",
        "repo": "flake-utils",
        "type": "github"
      }
    },
    "nixpkgs": {
      "locked": {
        "lastModified": 1774106199,
        "narHash": "sha256-US5Tda2sKmjrg2lNHQL3jRQ6p96cgfWh3J1QBliQ8Ws=",
        "owner": "nixos",
        "repo": "nixpkgs",
        "rev": "6c9a78c09ff4d6c21d0319114873508a6ec01655",
        "type": "github"
      },
      "original": {
        "owner": "nixos",
        "ref": "nixos-unstable",
        "repo": "nixpkgs",
        "type": "github"
      }
    },
    "nixpkgs-at-poetry-1_6_1": {
      "locked": {
        "lastModified": 1696748673,
        "narHash": "sha256-UbPHrH4dKN/66EpfFpoG4St4XZYDX9YcMVRQGWzAUNA=",
        "owner": "nixos",
        "repo": "nixpkgs",
        "rev": "9957cd48326fe8dbd52fdc50dd2502307f188b0d",
        "type": "github"
      },
      "original": {
        "owner": "nixos",
        "repo": "nixpkgs",
        "rev": "9957cd48326fe8dbd52fdc50dd2502307f188b0d",
        "type": "github"
      }
    },
    "nixpkgs-at-poetry-2_2_1": {
      "locked": {
        "lastModified": 1758621800,
        "narHash": "sha256-KfpGn/SIv5rS9nDBpPiAI/BjWQDSlVRIhQVtqy0kCOM=",
        "owner": "nixos",
        "repo": "nixpkgs",
        "rev": "231bb98e6b4411bad31de73a463bd557aa83b37e",
        "type": "github"
      },
      "original": {
        "owner": "nixos",
        "repo": "nixpkgs",
        "rev": "231bb98e6b4411bad31de73a463bd557aa83b37e",
        "type": "github"
      }
    },
    "nixpkgs-at-terraform-1_10_5": {
      "locked": {
        "lastModified": 1740344231,
        "narHash": "sha256-eEOlHQAQF4jrrs3zs62wJ5GikQpukQPdtAi5mAy/om8=",
        "owner": "nixos",
        "repo": "nixpkgs",
        "rev": "0bd7f95e4588643f2c2d403b38d8a2fe44b0fc73",
        "type": "github"
      },
      "original": {
        "owner": "nixos",
        "repo": "nixpkgs",
        "rev": "0bd7f95e4588643f2c2d403b38d8a2fe44b0fc73",
        "type": "github"
      }
    },
    "nixpkgs-at-terraform-1_5_7": {
      "locked": {
        "lastModified": 1695851375,
        "narHash": "sha256-mQUik6XZea6ZcCkMpUieq1oxlEDE0vqTTRU9RStgtSQ=",
        "owner": "nixos",
        "repo": "nixpkgs",
        "rev": "4ab8a3de296914f3b631121e9ce3884f1d34e1e5",
        "type": "github"
      },
      "original": {
        "owner": "nixos",
        "repo": "nixpkgs",
        "rev": "4ab8a3de296914f3b631121e9ce3884f1d34e1e5",
        "type": "github"
      }
    },
    "nixpkgs-koschi13": {
      "locked": {
        "lastModified": 1741053493,
        "narHash": "sha256-XhGC1qv3MVzX3AzoU6HJC0pbM5X2ztU7eKjn94tIMAU=",
        "owner": "Koschi13",
        "repo": "nixpkgs",
        "rev": "2cc9bbf8e50038e99c232ce74bcd44edd1bd8263",
        "type": "github"
      },
      "original": {
        "owner": "Koschi13",
        "repo": "nixpkgs",
        "type": "github"
      }
    },
    "root": {
      "inputs": {
        "flake-utils": "flake-utils",
        "nixpkgs": "nixpkgs",
        "nixpkgs-at-poetry-1_6_1": "nixpkgs-at-poetry-1_6_1",
        "nixpkgs-at-poetry-2_2_1": "nixpkgs-at-poetry-2_2_1",
        "nixpkgs-at-terraform-1_10_5": "nixpkgs-at-terraform-1_10_5",
        "nixpkgs-at-terraform-1_5_7": "nixpkgs-at-terraform-1_5_7",
        "nixpkgs-koschi13": "nixpkgs-koschi13"
      }
    },
    "systems": {
      "locked": {
        "lastModified": 1681028828,
        "narHash": "sha256-Vy1rq5AaRuLzOxct8nz4T6wlgyUR7zLU309k9mBC768=",
        "owner": "nix-systems",
        "repo": "default",
        "rev": "da67096a3b9bf56a91d16901293e51ba5b49a27e",
        "type": "github"
      },
      "original": {
        "owner": "nix-systems",
        "repo": "default",
        "type": "github"
      }
    }
  },
  "root": "root",
  "version": 7
}
